Microsoft Visual Studio Solution File, Format Version 12.00
# Visual Studio 2012
Project("{FAE04EC0-301F-11D3-BF4B-00C04F79EFBC}") = "Dodge-the-creeps", "Dodge-the-creeps.csproj", "{DBCDA699-5823-4743-B48C-11BA5A610A52}"
EndProject
Global
	GlobalSection(SolutionConfigurationPlatforms) = preSolution
	Debug|Any CPU = Debug|Any CPU
	ExportDebug|Any CPU = ExportDebug|Any CPU
	ExportRelease|Any CPU = ExportRelease|Any CPU
	EndGlobalSection
	GlobalSection(ProjectConfigurationPlatforms) = postSolution
		{DBCDA699-5823-4743-B48C-11BA5A610A52}.Debug|Any CPU.ActiveCfg = Debug|Any CPU
		{DBCDA699-5823-4743-B48C-11BA5A610A52}.Debug|Any CPU.Build.0 = Debug|Any CPU
		{DBCDA699-5823-4743-B48C-11BA5A610A52}.ExportDebug|Any CPU.ActiveCfg = ExportDebug|Any CPU
		{DBCDA699-5823-4743-B48C-11BA5A610A52}.ExportDebug|Any CPU.Build.0 = ExportDebug|Any CPU
		{DBCDA699-5823-4743-B48C-11BA5A610A52}.ExportRelease|Any CPU.ActiveCfg = ExportRelease|Any CPU
		{DBCDA699-5823-4743-B48C-11BA5A610A52}.ExportRelease|Any CPU.Build.0 = ExportRelease|Any CPU
	EndGlobalSection
EndGlobal
